github.com/ecnepsnai/cron v1.3.3 h1:olHZd8AmtQ8aICcCONVyDC9t1A4envDcQNlpMD3/7FI=
github.com/ecnepsnai/cron v1.3.3/go.mod h1:CACa8yKlQ79jB2kfcPdGtwsYXorqktug+TEkV6zPRkg=
github.com/ecnepsnai/ds v1.7.0 h1:uR2yyc+mSOEalb3DJz3UF4m27o+cm3uBt+S4cDddydo=
github.com/ecnepsnai/ds v1.7.0/go.mod h1:wySP6pBgwqJW1B2ll41z/pZCOQcmirGnGo+E/1BrTVA=
github.com/ecnepsnai/limits v1.0.1 h1:DL9i0eSGkpaKZg1DM5z/Bn6KL6c5UKMM8jy5jic4pys=
github.com/ecnepsnai/limits v1.0.1/go.mod h1:tmAlM5HiekbtbOyo83T0sG3bhvvzSMrnxPxvE9oWqJg=
github.com/ecnepsnai/logtic v1.9.2 h1:RoPIpBRjY5gGN4/WuOwBpYXNH+lIfmj4TwqvLz1CCoQ=
github.com/ecnepsnai/logtic v1.9.2/go.mod h1:fs2kkqGqiX77ejVNBKpSV/dMVtn9bTg9YtHLP9MC0U8=
github.com/ecnepsnai/osquery v1.0.0 h1:FWwqlA7hCtO7Usg3N+DlZPNPHWf5nfdypnPEor2ayCs=
github.com/ecnepsnai/osquery v1.0.0/go.mod h1:vxsezNRznmkLa8UjVh88tlJiRbgW7iwinkjyg/Xc2RU=
github.com/ecnepsnai/ring v1.0.5 h1:2RiLTBZ+66Y4jXgZY/MvIE8xCpAWf8EVvC8Uj731x0U=
github.com/ecnepsnai/ring v1.0.5/go.mod h1:VA22uhgwptZNMQGqMTt3NBUnNp+XqqH0pvCD9gYAOrQ=
github.com/ecnepsnai/search v1.0.2 h1:n0ShQzimXmrHklaEsJCu0ehmraNLK8QZVFlaABg9igc=
github.com/ecnepsnai/search v1.0.2/go.mod h1:c8vtmY+8h07eyzp5IQcTK29DNlR1V9u0/EUtQRg6LwQ=
github.com/ecnepsnai/secutil v1.0.3 h1:jltWXO7K9zTgq33Bm7vuma6V3X799dliF05JeI1foFw=
github.com/ecnepsnai/secutil v1.0.3/go.mod h1:XUyQczlk/77WW8H4WUmxX8+9SJl4KH2s6LT3+1qyu+8=
github.com/ecnepsnai/set v1.0.0 h1:ErepEMF5/RVlc31Vu2Sf5ZDzf6FOQJ6dlwueRZ6zH8s=
github.com/ecnepsnai/set v1.0.0/go.mod h1:70MwbzTpbsVtcPqg0DupFbEo3iwbE+nEnkPWYUi8SVM=
github.com/ecnepsnai/snapshot v1.0.0 h1:wkdG9rc3/dQVFX4Vr914hHb11i4u9UmcBUmSFSvkHdA=
github.com/ecnepsnai/snapshot v1.0.0/go.mod h1:Nbwbz8scvXFVUwW16bJvzTuCPtlll9+6rfmVJwXVc9o=
github.com/ecnepsnai/stats v1.0.0 h1:9QClYW65H3rM3zQL57tWticogc+zLz9f2GlEsRYPoVc=
github.com/ecnepsnai/stats v1.0.0/go.mod h1:dYNPtuy1sByJwtwi6H+WA0dkJPXH5OdQZVKa4RLw1FM=
github.com/ecnepsnai/store v1.3.0 h1:2Jxk64qIM2wYLzjte6AZdouKh2bmfD0Qgp5cR48WbjE=
github.com/ecnepsnai/store v1.3.0/go.mod h1:zIUpkE70+y8HniRAcE8GRgcrNnbRltfcbUBXO7pRjks=
github.com/ecnepsnai/web v1.9.2 h1:1T1hehKRG/lL8S9FF6sq61adGwYEM3ZkCAml/vYSv14=
github.com/ecnepsnai/web v1.9.2/go.mod h1:DnPxNbD2/A41pP6YwOmdMXpL39GUwsvCMI/KkkRugPE=
github.com/google/gofuzz v1.2.0 h1:xRy4A+RhZaiKjJ1bPfwQ8sedCA+YS2YcCHW6ec7JMi0=
github.com/google/gofuzz v1.2.0/go.mod h1:dBl0BpW6vV/+mYPU4Po3pmUjxk6FQPldtuIdl/M65Eg=
github.com/gorilla/websocket v1.5.0 h1:PPwGk2jz7EePpoHN/+ClbZu8SPxiqlu12wZP/3sWmnc=
github.com/gorilla/websocket v1.5.0/go.mod h1:YR8l580nyteQvAITg2hZ9XVh4b55+EU/adAjf1fMHhE=
github.com/lithammer/fuzzysearch v1.1.2 h1:ePUtm14xKxbpCxozcFbIDRtvANxnVnE+RKpJUqkr2gA=
github.com/lithammer/fuzzysearch v1.1.2/go.mod h1:v6tYW/9kpfV6LNcweXdSjQsfCku/1M/oObmSox1fzP8=
github.com/matoous/go-nanoid v1.5.0 h1:VRorl6uCngneC4oUQqOYtO3S0H5QKFtKuKycFG3euek=
github.com/matoous/go-nanoid v1.5.0/go.mod h1:zyD2a71IubI24efhpvkJz+ZwfwagzgSO6UNiFsZKN7U=
go.etcd.io/bbolt v1.3.6 h1:/ecaJf0sk1l4l6V4awd65v2C3ILy7MSj+s/x1ADCIMU=
go.etcd.io/bbolt v1.3.6/go.mod h1:qXsaaIqmgQH0T+OPdb99Bf+PKfBBQVAdyD6TY9G8XM4=
golang.org/x/crypto v0.1.0 h1:MDRAIl0xIo9Io2xV565hzXHw3zVseKrJKodhohM5CjU=
golang.org/x/crypto v0.1.0/go.mod h1:RecgLatLF4+eUMCP1PoPZQb+cVrJcOPbHkTkbkB9sbw=
golang.org/x/sys v0.0.0-20200923182605-d9f96fdee20d/go.mod h1:h1NjWce9XRLGQEsW7wpKNCjG9DtNlClVuFLEZdDNbEs=
golang.org/x/sys v0.1.0 h1:kunALQeHf1/185U1i0GOB/fy1IPRDDpuoOOqRReG57U=
golang.org/x/sys v0.1.0/go.mod h1:oPkhp1MJrh7nUepCBck5+mAzfO9JrbApNNgaTdGDITg=
golang.org/x/term v0.1.0 h1:g6Z6vPFA9dYBAF7DWcH6sCcOntplXsDKcliusYijMlw=
golang.org/x/text v0.3.5/go.mod h1:5Zoc/QRtKVWzQhOtBMvqHzDpF6irO9z98xDceosuGiQ=
golang.org/x/text v0.4.0 h1:BrVqGRd7+k1DiOgtnFvAkoQEWQvBc25ouMJM6429SFg=
golang.org/x/text v0.4.0/go.mod h1:mrYo+phRRbMaCq/xk9113O4dZlRixOauAjOtrjsXDZ8=
golang.org/x/time v0.0.0-20220722155302-e5dcc9cfc0b9 h1:ftMN5LMiBFjbzleLqtoBZk7KdJwhuybIU+FckUHgoyQ=
golang.org/x/time v0.0.0-20220722155302-e5dcc9cfc0b9/go.mod h1:tRJNPiyCQ0inRvYxbN9jk5I+vvW/OXSQhTDSoE431IQ=
golang.org/x/tools v0.0.0-20180917221912-90fa682c2a6e/go.mod h1:n7NCudcB/nEzxVGmLbDWY5pfWTLqBcC2KZ6jyYvM4mQ=
