github.com/davecgh/go-spew v1.1.1 h1:vj9j/u1bqnvCEfJOwUhtlOARqs3+rkHYY13jYWTU97c=
github.com/ecnepsnai/cron v1.3.3 h1:olHZd8AmtQ8aICcCONVyDC9t1A4envDcQNlpMD3/7FI=
github.com/ecnepsnai/cron v1.3.3/go.mod h1:CACa8yKlQ79jB2kfcPdGtwsYXorqktug+TEkV6zPRkg=
github.com/ecnepsnai/ds v1.8.3 h1:EEbk5XsVC0V1br4buBXGQ+ol5VSE3kQ+W8ncjlPmp38=
github.com/ecnepsnai/ds v1.8.3/go.mod h1:anRzS4vH82VzOZx6FVS9Li0g0QHn0/ImBMH9pWJ+bBE=
github.com/ecnepsnai/limits v1.0.1 h1:DL9i0eSGkpaKZg1DM5z/Bn6KL6c5UKMM8jy5jic4pys=
github.com/ecnepsnai/limits v1.0.1/go.mod h1:tmAlM5HiekbtbOyo83T0sG3bhvvzSMrnxPxvE9oWqJg=
github.com/ecnepsnai/logtic v1.9.3 h1:EJM2xNcPjrhyG3KmQF4Wjcv/aCFHTY98lIiDWge27k4=
github.com/ecnepsnai/logtic v1.9.3/go.mod h1:fs2kkqGqiX77ejVNBKpSV/dMVtn9bTg9YtHLP9MC0U8=
github.com/ecnepsnai/osquery v1.0.1 h1:i96n/3uqcafKZtRYmXVNqekKbfrIm66q179mWZ/Y2Aw=
github.com/ecnepsnai/osquery v1.0.1/go.mod h1:vxsezNRznmkLa8UjVh88tlJiRbgW7iwinkjyg/Xc2RU=
github.com/ecnepsnai/ring v1.0.5 h1:2RiLTBZ+66Y4jXgZY/MvIE8xCpAWf8EVvC8Uj731x0U=
github.com/ecnepsnai/ring v1.0.5/go.mod h1:VA22uhgwptZNMQGqMTt3NBUnNp+XqqH0pvCD9gYAOrQ=
github.com/ecnepsnai/search v1.0.2 h1:n0ShQzimXmrHklaEsJCu0ehmraNLK8QZVFlaABg9igc=
github.com/ecnepsnai/search v1.0.2/go.mod h1:c8vtmY+8h07eyzp5IQcTK29DNlR1V9u0/EUtQRg6LwQ=
github.com/ecnepsnai/secutil v1.0.3 h1:jltWXO7K9zTgq33Bm7vuma6V3X799dliF05JeI1foFw=
github.com/ecnepsnai/secutil v1.0.3/go.mod h1:XUyQczlk/77WW8H4WUmxX8+9SJl4KH2s6LT3+1qyu+8=
github.com/ecnepsnai/set v1.0.0 h1:ErepEMF5/RVlc31Vu2Sf5ZDzf6FOQJ6dlwueRZ6zH8s=
github.com/ecnepsnai/set v1.0.0/go.mod h1:70MwbzTpbsVtcPqg0DupFbEo3iwbE+nEnkPWYUi8SVM=
github.com/ecnepsnai/snapshot v1.0.0 h1:wkdG9rc3/dQVFX4Vr914hHb11i4u9UmcBUmSFSvkHdA=
github.com/ecnepsnai/snapshot v1.0.0/go.mod h1:Nbwbz8scvXFVUwW16bJvzTuCPtlll9+6rfmVJwXVc9o=
github.com/ecnepsnai/stats v1.0.0 h1:9QClYW65H3rM3zQL57tWticogc+zLz9f2GlEsRYPoVc=
github.com/ecnepsnai/stats v1.0.0/go.mod h1:dYNPtuy1sByJwtwi6H+WA0dkJPXH5OdQZVKa4RLw1FM=
github.com/ecnepsnai/store v1.3.0 h1:2Jxk64qIM2wYLzjte6AZdouKh2bmfD0Qgp5cR48WbjE=
github.com/ecnepsnai/store v1.3.0/go.mod h1:zIUpkE70+y8HniRAcE8GRgcrNnbRltfcbUBXO7pRjks=
github.com/ecnepsnai/web v1.11.1 h1:ZIeD9KSIlBdjwtgyi1rJzYcoSYRobRuuTzNgChnx75s=
github.com/ecnepsnai/web v1.11.1/go.mod h1:0Wcbo5I4w0r0tm2XYzL5PL4xYRfucOaNw0NClKPtxEM=
github.com/google/gofuzz v1.2.0 h1:xRy4A+RhZaiKjJ1bPfwQ8sedCA+YS2YcCHW6ec7JMi0=
github.com/google/gofuzz v1.2.0/go.mod h1:dBl0BpW6vV/+mYPU4Po3pmUjxk6FQPldtuIdl/M65Eg=
github.com/gorilla/websocket v1.5.0 h1:PPwGk2jz7EePpoHN/+ClbZu8SPxiqlu12wZP/3sWmnc=
github.com/gorilla/websocket v1.5.0/go.mod h1:YR8l580nyteQvAITg2hZ9XVh4b55+EU/adAjf1fMHhE=
github.com/lithammer/fuzzysearch v1.1.2 h1:ePUtm14xKxbpCxozcFbIDRtvANxnVnE+RKpJUqkr2gA=
github.com/lithammer/fuzzysearch v1.1.2/go.mod h1:v6tYW/9kpfV6LNcweXdSjQsfCku/1M/oObmSox1fzP8=
github.com/matoous/go-nanoid v1.5.0 h1:VRorl6uCngneC4oUQqOYtO3S0H5QKFtKuKycFG3euek=
github.com/matoous/go-nanoid v1.5.0/go.mod h1:zyD2a71IubI24efhpvkJz+ZwfwagzgSO6UNiFsZKN7U=
github.com/pmezard/go-difflib v1.0.0 h1:4DBwDE0NGyQoBHbLQYPwSUPoCMWR5BEzIk/f1lZbAQM=
github.com/stretchr/testify v1.8.1 h1:w7B6lhMri9wdJUVmEZPGGhZzrYTPvgJArz7wNPgYKsk=
go.etcd.io/bbolt v1.3.7 h1:j+zJOnnEjF/kyHlDDgGnVL/AIqIJPq8UoB2GSNfkUfQ=
go.etcd.io/bbolt v1.3.7/go.mod h1:N9Mkw9X8x5fupy0IKsmuqVtoGDyxsaDlbk4Rd05IAQw=
golang.org/x/crypto v0.10.0 h1:LKqV2xt9+kDzSTfOhx4FrkEBcMrAgHSYgzywV9zcGmM=
golang.org/x/crypto v0.10.0/go.mod h1:o4eNf7Ede1fv+hwOwZsTHl9EsPFO6q6ZvYR8vYfY45I=
golang.org/x/sys v0.9.0 h1:KS/R3tvhPqvJvwcKfnBHJwwthS11LRhmM5D59eEXa0s=
golang.org/x/sys v0.9.0/go.mod h1:oPkhp1MJrh7nUepCBck5+mAzfO9JrbApNNgaTdGDITg=
golang.org/x/term v0.9.0 h1:GRRCnKYhdQrD8kfRAdQ6Zcw1P0OcELxGLKJvtjVMZ28=
golang.org/x/text v0.3.5/go.mod h1:5Zoc/QRtKVWzQhOtBMvqHzDpF6irO9z98xDceosuGiQ=
golang.org/x/text v0.10.0 h1:UpjohKhiEgNc0CSauXmwYftY1+LlaC75SJwh0SgCX58=
golang.org/x/text v0.10.0/go.mod h1:TvPlkZtksWOMsz7fbANvkp4WM8x/WCo/om8BMLbz+aE=
golang.org/x/time v0.3.0 h1:rg5rLMjNzMS1RkNLzCG38eapWhnYLFYXDXj2gOlr8j4=
golang.org/x/time v0.3.0/go.mod h1:tRJNPiyCQ0inRvYxbN9jk5I+vvW/OXSQhTDSoE431IQ=
golang.org/x/tools v0.0.0-20180917221912-90fa682c2a6e/go.mod h1:n7NCudcB/nEzxVGmLbDWY5pfWTLqBcC2KZ6jyYvM4mQ=
gopkg.in/yaml.v3 v3.0.1 h1:fxVm/GzAzEWqLHuvctI91KS9hhNmmWOoWu0XTYJS7CA=
